
Microsoft Visual Studio Solution File, Format Version 12.00
# Visual Studio Version 17
VisualStudioVersion = 17.14.36705.20 d17.14
MinimumVisualStudioVersion = 10.0.40219.1
Project("{FAE04EC0-301F-11D3-BF4B-00C04F79EFBC}") = "04_TomA_BedrAfd_Klasses", "04_TomA_BedrAfd_Klasses\04_TomA_BedrAfd_Klasses.csproj", "{176483E7-201F-436E-9A9B-224BE727C060}"
EndProject
Global
	GlobalSection(SolutionConfigurationPlatforms) = preSolution
		Debug|Any CPU = Debug|Any CPU
		Release|Any CPU = Release|Any CPU
	EndGlobalSection
	GlobalSection(ProjectConfigurationPlatforms) = postSolution
		{176483E7-201F-436E-9A9B-224BE727C060}.Debug|Any CPU.ActiveCfg = Debug|Any CPU
		{176483E7-201F-436E-9A9B-224BE727C060}.Debug|Any CPU.Build.0 = Debug|Any CPU
		{176483E7-201F-436E-9A9B-224BE727C060}.Release|Any CPU.ActiveCfg = Release|Any CPU
		{176483E7-201F-436E-9A9B-224BE727C060}.Release|Any CPU.Build.0 = Release|Any CPU
	EndGlobalSection
	GlobalSection(SolutionProperties) = preSolution
		HideSolutionNode = FALSE
	EndGlobalSection
	GlobalSection(ExtensibilityGlobals) = postSolution
		SolutionGuid = {A010D3BD-5011-402B-857E-99FA51EB58E1}
	EndGlobalSection
EndGlobal
