
Microsoft Visual Studio Solution File, Format Version 12.00
# Visual Studio Version 17
VisualStudioVersion = 17.14.36705.20 d17.14
MinimumVisualStudioVersion = 10.0.40219.1
Project("{FAE04EC0-301F-11D3-BF4B-00C04F79EFBC}") = "06_TomA_Muzikanten_Klasses", "06_TomA_Muzikanten_Klasses\06_TomA_Muzikanten_Klasses.csproj", "{EADFCC45-F2AC-4260-96E4-A210A08FEF42}"
EndProject
Global
	GlobalSection(SolutionConfigurationPlatforms) = preSolution
		Debug|Any CPU = Debug|Any CPU
		Release|Any CPU = Release|Any CPU
	EndGlobalSection
	GlobalSection(ProjectConfigurationPlatforms) = postSolution
		{EADFCC45-F2AC-4260-96E4-A210A08FEF42}.Debug|Any CPU.ActiveCfg = Debug|Any CPU
		{EADFCC45-F2AC-4260-96E4-A210A08FEF42}.Debug|Any CPU.Build.0 = Debug|Any CPU
		{EADFCC45-F2AC-4260-96E4-A210A08FEF42}.Release|Any CPU.ActiveCfg = Release|Any CPU
		{EADFCC45-F2AC-4260-96E4-A210A08FEF42}.Release|Any CPU.Build.0 = Release|Any CPU
	EndGlobalSection
	GlobalSection(SolutionProperties) = preSolution
		HideSolutionNode = FALSE
	EndGlobalSection
	GlobalSection(ExtensibilityGlobals) = postSolution
		SolutionGuid = {C2792A94-427B-4962-AB38-C878F82B8C8C}
	EndGlobalSection
EndGlobal
